
Microsoft Visual Studio Solution File, Format Version 12.00
# Visual Studio Version 17
VisualStudioVersion = 17.5.33424.131
MinimumVisualStudioVersion = 10.0.40219.1
Project("{9A19103F-16F7-4668-BE54-9A1E7A4F7556}") = "AppServer.API", "AppServer.API\AppServer.API.csproj", "{7B39783A-A410-4382-A970-89D92DC2E5CD}"
EndProject
Project("{9A19103F-16F7-4668-BE54-9A1E7A4F7556}") = "ClientApp", "ClientApp\ClientApp.csproj", "{380D0967-74CE-4D67-94DB-4F1CED0630C7}"
EndProject
Project("{FAE04EC0-301F-11D3-BF4B-00C04F79EFBC}") = "AppServer.Core", "AppServer.Core\AppServer.Core.csproj", "{AF1A4ACD-54AC-4BB6-BFF7-088954611101}"
EndProject
Global
	GlobalSection(SolutionConfigurationPlatforms) = preSolution
		Debug|Any CPU = Debug|Any CPU
		Release|Any CPU = Release|Any CPU
	EndGlobalSection
	GlobalSection(ProjectConfigurationPlatforms) = postSolution
		{7B39783A-A410-4382-A970-89D92DC2E5CD}.Debug|Any CPU.ActiveCfg = Debug|Any CPU
		{7B39783A-A410-4382-A970-89D92DC2E5CD}.Debug|Any CPU.Build.0 = Debug|Any CPU
		{7B39783A-A410-4382-A970-89D92DC2E5CD}.Release|Any CPU.ActiveCfg = Release|Any CPU
		{7B39783A-A410-4382-A970-89D92DC2E5CD}.Release|Any CPU.Build.0 = Release|Any CPU
		{380D0967-74CE-4D67-94DB-4F1CED0630C7}.Debug|Any CPU.ActiveCfg = Debug|Any CPU
		{380D0967-74CE-4D67-94DB-4F1CED0630C7}.Debug|Any CPU.Build.0 = Debug|Any CPU
		{380D0967-74CE-4D67-94DB-4F1CED0630C7}.Release|Any CPU.ActiveCfg = Release|Any CPU
		{380D0967-74CE-4D67-94DB-4F1CED0630C7}.Release|Any CPU.Build.0 = Release|Any CPU
		{AF1A4ACD-54AC-4BB6-BFF7-088954611101}.Debug|Any CPU.ActiveCfg = Debug|Any CPU
		{AF1A4ACD-54AC-4BB6-BFF7-088954611101}.Debug|Any CPU.Build.0 = Debug|Any CPU
		{AF1A4ACD-54AC-4BB6-BFF7-088954611101}.Release|Any CPU.ActiveCfg = Release|Any CPU
		{AF1A4ACD-54AC-4BB6-BFF7-088954611101}.Release|Any CPU.Build.0 = Release|Any CPU
	EndGlobalSection
	GlobalSection(SolutionProperties) = preSolution
		HideSolutionNode = FALSE
	EndGlobalSection
	GlobalSection(ExtensibilityGlobals) = postSolution
		SolutionGuid = {1611BB67-B117-4400-8DA6-C31B787248F8}
	EndGlobalSection
EndGlobal
